
Microsoft Visual Studio Solution File, Format Version 12.00
# Visual Studio 15
VisualStudioVersion = 15.0.28010.2036
MinimumVisualStudioVersion = 10.0.40219.1
Project("{FAE04EC0-301F-11D3-BF4B-00C04F79EFBC}") = "EventSmith", "EventSmith\EventSmith.csproj", "{DE291477-B944-4CBA-B0E4-29656D8F9615}"
EndProject
Global
	GlobalSection(SolutionConfigurationPlatforms) = preSolution
		Debug|Any CPU = Debug|Any CPU
		Release|Any CPU = Release|Any CPU
	EndGlobalSection
	GlobalSection(ProjectConfigurationPlatforms) = postSolution
		{DE291477-B944-4CBA-B0E4-29656D8F9615}.Debug|Any CPU.ActiveCfg = Debug|Any CPU
		{DE291477-B944-4CBA-B0E4-29656D8F9615}.Debug|Any CPU.Build.0 = Debug|Any CPU
		{DE291477-B944-4CBA-B0E4-29656D8F9615}.Release|Any CPU.ActiveCfg = Release|Any CPU
		{DE291477-B944-4CBA-B0E4-29656D8F9615}.Release|Any CPU.Build.0 = Release|Any CPU
	EndGlobalSection
	GlobalSection(SolutionProperties) = preSolution
		HideSolutionNode = FALSE
	EndGlobalSection
	GlobalSection(ExtensibilityGlobals) = postSolution
		SolutionGuid = {A058E828-C0AD-4118-91D8-C035B1FF855F}
	EndGlobalSection
EndGlobal
